<?xml version="1.0" encoding="utf-8"?>
<Project ToolsVersion="4.0" xmlns="http://schemas.microsoft.com/developer/msbuild/2003">
  <ItemGroup>
    <Filter Include="Source Files">
      <UniqueIdentifier>{4FC737F1-C7A5-4376-A066-2A32D752A2FF}</UniqueIdentifier>
      <Extensions>cpp;c;cc;cxx;def;odl;idl;hpj;bat;asm;asmx</Extensions>
    </Filter>
    <Filter Include="Header Files">
      <UniqueIdentifier>{93995380-89BD-4b04-88EB-625FBE52EBFB}</UniqueIdentifier>
      <Extensions>h;hh;hpp;hxx;hm;inl;inc;xsd</Extensions>
    </Filter>
    <Filter Include="Resource Files">
      <UniqueIdentifier>{67DA6AB6-F800-4c08-8B7A-83BB121AAD01}</UniqueIdentifier>
      <Extensions>rc;ico;cur;bmp;dlg;rc2;rct;bin;rgs;gif;jpg;jpeg;jpe;resx;tiff;tif;png;wav;mfcribbon-ms</Extensions>
    </Filter>
    <Filter Include="Shaders">
      <UniqueIdentifier>{4d4e138a-0db4-4879-b8b7-a3df958f4a11}</UniqueIdentifier>
      <Extensions>fx</Extensions>
    </Filter>
  </ItemGroup>
  <ItemGroup>
    <FxCompile Include="shaders\texture_shader.fx">
      <Filter>Shaders</Filter>
    </FxCompile>
    <FxCompile Include="shaders\solid_shader.fx">
      <Filter>Shaders</Filter>
    </FxCompile>
  </ItemGroup>
  <ItemGroup>
    <ClCompile Include="Source\Background.cpp">
      <Filter>Source Files</Filter>
    </ClCompile>
    <ClCompile Include="Source\main.cpp">
      <Filter>Source Files</Filter>
    </ClCompile>
    <ClCompile Include="Source\Universe.cpp">
      <Filter>Source Files</Filter>
    </ClCompile>
    <ClCompile Include="Source\AsteroidGraphics.cpp">
      <Filter>Source Files</Filter>
    </ClCompile>
    <ClCompile Include="Source\Player.cpp">
      <Filter>Source Files</Filter>
    </ClCompile>
    <ClCompile Include="Source\SpaceshipGraphics.cpp">
      <Filter>Source Files</Filter>
    </ClCompile>
    <ClCompile Include="Source\Physics.cpp">
      <Filter>Source Files</Filter>
    </ClCompile>
  </ItemGroup>
  <ItemGroup>
    <ClInclude Include="headlers\Background.h">
      <Filter>Header Files</Filter>
    </ClInclude>
    <ClInclude Include="headlers\main.h">
      <Filter>Header Files</Filter>
    </ClInclude>
    <ClInclude Include="headlers\Universe.h">
      <Filter>Header Files</Filter>
    </ClInclude>
    <ClInclude Include="headlers\AsteroidGraphics.h">
      <Filter>Header Files</Filter>
    </ClInclude>
    <ClInclude Include="headlers\geometry.h">
      <Filter>Header Files</Filter>
    </ClInclude>
    <ClInclude Include="headlers\Player.h">
      <Filter>Header Files</Filter>
    </ClInclude>
    <ClInclude Include="headlers\SpaceshipGraphics.h">
      <Filter>Header Files</Filter>
    </ClInclude>
    <ClInclude Include="headlers\Physics.h">
      <Filter>Header Files</Filter>
    </ClInclude>
    <ClInclude Include="headlers\Abstractions.h">
      <Filter>Header Files</Filter>
    </ClInclude>
  </ItemGroup>
</Project>